<?xml version="1.0" encoding="utf-8"?>
<Project ToolsVersion="4.0" xmlns="http://schemas.microsoft.com/developer/msbuild/2003">
  <ItemGroup>
    <Filter Include="Source Files">
      <UniqueIdentifier>{4FC737F1-C7A5-4376-A066-2A32D752A2FF}</UniqueIdentifier>
      <Extensions>cpp;c;cc;cxx;def;odl;idl;hpj;bat;asm;asmx</Extensions>
    </Filter>
    <Filter Include="Header Files">
      <UniqueIdentifier>{93995380-89BD-4b04-88EB-625FBE52EBFB}</UniqueIdentifier>
      <Extensions>h;hh;hpp;hxx;hm;inl;inc;xsd</Extensions>
    </Filter>
    <Filter Include="Resource Files">
      <UniqueIdentifier>{67DA6AB6-F800-4c08-8B7A-83BB121AAD01}</UniqueIdentifier>
      <Extensions>rc;ico;cur;bmp;dlg;rc2;rct;bin;rgs;gif;jpg;jpeg;jpe;resx;tiff;tif;png;wav;mfcribbon-ms</Extensions>
    </Filter>
    <Filter Include="Header Files\Editor SubSystems">
      <UniqueIdentifier>{245667f0-e8ef-42c9-bb91-52b82c8ed2c0}</UniqueIdentifier>
    </Filter>
    <Filter Include="Source Files\Editor SubSystems">
      <UniqueIdentifier>{8e2baeec-a283-4d24-a784-c39959df824d}</UniqueIdentifier>
    </Filter>
    <Filter Include="Header Files\Game SubSystems">
      <UniqueIdentifier>{23f17abb-53f8-464d-a679-bb5bd061563b}</UniqueIdentifier>
    </Filter>
    <Filter Include="Header Files\Editor SubSystems\GUI">
      <UniqueIdentifier>{5a4a5f58-451d-4ddb-9656-abd6c7c8e96a}</UniqueIdentifier>
    </Filter>
    <Filter Include="Header Files\Editor SubSystems\GUI\Menu">
      <UniqueIdentifier>{9ec63bc0-df81-4208-9ab7-189bc0dba665}</UniqueIdentifier>
    </Filter>
    <Filter Include="Header Files\Editor SubSystems\GUI\Window">
      <UniqueIdentifier>{8cc93aca-6dd8-4a96-b2a6-c06621833383}</UniqueIdentifier>
    </Filter>
    <Filter Include="Header Files\Game SubSystems\HID">
      <UniqueIdentifier>{4777d9db-374c-463c-a121-f13055f8ebcc}</UniqueIdentifier>
    </Filter>
    <Filter Include="Header Files\Containers">
      <UniqueIdentifier>{8486e3b7-f858-4918-88e1-028c56abb754}</UniqueIdentifier>
    </Filter>
    <Filter Include="Source Files\Game SubSystems">
      <UniqueIdentifier>{7607b278-19c0-4eb7-8ae3-e26ff0ae119d}</UniqueIdentifier>
    </Filter>
    <Filter Include="Source Files\Editor SubSystems\GUI">
      <UniqueIdentifier>{c430185d-eaf3-46f0-bfb9-aae5b22d01d0}</UniqueIdentifier>
    </Filter>
    <Filter Include="Source Files\Editor SubSystems\GUI\Windows">
      <UniqueIdentifier>{8c117c29-8543-463d-b1e3-52109952fea3}</UniqueIdentifier>
    </Filter>
    <Filter Include="Source Files\Editor SubSystems\GUI\Menus">
      <UniqueIdentifier>{36ce8e2e-e2e5-4000-9df4-29b4e311b0ef}</UniqueIdentifier>
    </Filter>
    <Filter Include="Source Files\Game SubSystems\HID">
      <UniqueIdentifier>{446f1c27-d023-490d-adf9-7508c1542d5e}</UniqueIdentifier>
    </Filter>
    <Filter Include="Source Files\Containers">
      <UniqueIdentifier>{c0d903c7-2227-4d2c-886e-c0ac17d379c3}</UniqueIdentifier>
    </Filter>
    <Filter Include="Source Files\Game SubSystems\Character">
      <UniqueIdentifier>{8198e395-bfae-49b6-ade1-96b4f4ae250a}</UniqueIdentifier>
    </Filter>
    <Filter Include="Header Files\Game SubSystems\Character">
      <UniqueIdentifier>{fe5e3950-1b05-4831-a941-60aae69685d2}</UniqueIdentifier>
    </Filter>
    <Filter Include="Header Files\Game SubSystems\Character\Player">
      <UniqueIdentifier>{50653ec1-7852-493d-91c4-a99ea232bde3}</UniqueIdentifier>
    </Filter>
    <Filter Include="Header Files\Game SubSystems\Character\Player\Players">
      <UniqueIdentifier>{bb37973b-767f-4e8b-b143-b49a9d24e345}</UniqueIdentifier>
    </Filter>
    <Filter Include="Header Files\Game SubSystems\Character\NPC">
      <UniqueIdentifier>{ae805270-08b0-4cf1-a362-51525cc6c287}</UniqueIdentifier>
    </Filter>
    <Filter Include="Source Files\Game SubSystems\Character\NPC">
      <UniqueIdentifier>{bd7f9d33-a13e-40a1-bd82-8cb30972f31d}</UniqueIdentifier>
    </Filter>
    <Filter Include="Source Files\Game SubSystems\Character\Player">
      <UniqueIdentifier>{f4eb478c-04ef-4d80-86c7-8d7b08302373}</UniqueIdentifier>
    </Filter>
    <Filter Include="Source Files\Game SubSystems\Character\Player\Players">
      <UniqueIdentifier>{3a0e0aa6-a8ba-442f-835d-cef91d825024}</UniqueIdentifier>
    </Filter>
  </ItemGroup>
  <ItemGroup>
    <ClCompile Include="main.cpp">
      <Filter>Source Files</Filter>
    </ClCompile>
    <ClCompile Include="StateMgr.cpp">
      <Filter>Source Files</Filter>
    </ClCompile>
    <ClCompile Include="Camera.cpp">
      <Filter>Source Files\Editor SubSystems</Filter>
    </ClCompile>
    <ClCompile Include="Menu.cpp">
      <Filter>Source Files\Editor SubSystems\GUI</Filter>
    </ClCompile>
    <ClCompile Include="WNDLoadMap.cpp">
      <Filter>Source Files\Editor SubSystems\GUI\Windows</Filter>
    </ClCompile>
    <ClCompile Include="WNDSaveMap.cpp">
      <Filter>Source Files\Editor SubSystems\GUI\Windows</Filter>
    </ClCompile>
    <ClCompile Include="MenuEdit.cpp">
      <Filter>Source Files\Editor SubSystems\GUI\Menus</Filter>
    </ClCompile>
    <ClCompile Include="MenuFile.cpp">
      <Filter>Source Files\Editor SubSystems\GUI\Menus</Filter>
    </ClCompile>
    <ClCompile Include="InputMgr.cpp">
      <Filter>Source Files\Game SubSystems\HID</Filter>
    </ClCompile>
    <ClCompile Include="DataMgr.cpp">
      <Filter>Source Files\Containers</Filter>
    </ClCompile>
    <ClCompile Include="MenuTools.cpp">
      <Filter>Source Files\Editor SubSystems\GUI\Menus</Filter>
    </ClCompile>
    <ClCompile Include="MenuHelp.cpp">
      <Filter>Source Files\Editor SubSystems\GUI\Menus</Filter>
    </ClCompile>
    <ClCompile Include="WNDLocations.cpp">
      <Filter>Source Files\Editor SubSystems\GUI\Windows</Filter>
    </ClCompile>
    <ClCompile Include="WNDFieldProperties.cpp">
      <Filter>Source Files\Editor SubSystems\GUI\Windows</Filter>
    </ClCompile>
    <ClCompile Include="WNDLocationsProperties.cpp">
      <Filter>Source Files\Editor SubSystems\GUI\Windows</Filter>
    </ClCompile>
    <ClCompile Include="FieldMgr.cpp">
      <Filter>Source Files</Filter>
    </ClCompile>
    <ClCompile Include="WNDLocationMove.cpp">
      <Filter>Source Files\Editor SubSystems\GUI\Windows</Filter>
    </ClCompile>
    <ClCompile Include="Character.cpp">
      <Filter>Source Files\Game SubSystems\Character</Filter>
    </ClCompile>
    <ClCompile Include="CharactersMgr.cpp">
      <Filter>Source Files\Game SubSystems\Character</Filter>
    </ClCompile>
    <ClCompile Include="Field.cpp">
      <Filter>Source Files\Game SubSystems</Filter>
    </ClCompile>
    <ClCompile Include="Player.cpp">
      <Filter>Source Files\Game SubSystems\Character\Player</Filter>
    </ClCompile>
    <ClCompile Include="Seph.cpp">
      <Filter>Source Files\Game SubSystems\Character\Player\Players</Filter>
    </ClCompile>
    <ClCompile Include="Fahren.cpp">
      <Filter>Source Files\Game SubSystems\Character\Player\Players</Filter>
    </ClCompile>
    <ClCompile Include="Mefisto.cpp">
      <Filter>Source Files\Game SubSystems\Character\Player\Players</Filter>
    </ClCompile>
    <ClCompile Include="Oslas.cpp">
      <Filter>Source Files\Game SubSystems\Character\Player\Players</Filter>
    </ClCompile>
    <ClCompile Include="Action.cpp">
      <Filter>Source Files\Editor SubSystems</Filter>
    </ClCompile>
    <ClCompile Include="WindowBuilder.cpp">
      <Filter>Source Files\Editor SubSystems\GUI</Filter>
    </ClCompile>
    <ClCompile Include="WNDNPCStats.cpp">
      <Filter>Source Files\Editor SubSystems\GUI\Windows</Filter>
    </ClCompile>
    <ClCompile Include="WNDNPCSpells.cpp">
      <Filter>Source Files\Editor SubSystems\GUI\Windows</Filter>
    </ClCompile>
    <ClCompile Include="WNDNPCArmor.cpp">
      <Filter>Source Files\Editor SubSystems\GUI\Windows</Filter>
    </ClCompile>
    <ClCompile Include="WNDNPCInventory.cpp">
      <Filter>Source Files\Editor SubSystems\GUI\Windows</Filter>
    </ClCompile>
    <ClCompile Include="WNDNPCPosition.cpp">
      <Filter>Source Files\Editor SubSystems\GUI\Windows</Filter>
    </ClCompile>
    <ClCompile Include="WNDNPCGraphics.cpp">
      <Filter>Source Files\Editor SubSystems\GUI\Windows</Filter>
    </ClCompile>
    <ClCompile Include="NPCMgr.cpp">
      <Filter>Source Files</Filter>
    </ClCompile>
    <ClCompile Include="WNDNPCProperties.cpp">
      <Filter>Source Files\Editor SubSystems\GUI\Windows</Filter>
    </ClCompile>
    <ClCompile Include="MapLoader.cpp">
      <Filter>Source Files</Filter>
    </ClCompile>
    <ClCompile Include="Location.cpp">
      <Filter>Source Files\Game SubSystems</Filter>
    </ClCompile>
    <ClCompile Include="MapMgr.cpp">
      <Filter>Source Files</Filter>
    </ClCompile>
    <ClCompile Include="NPC.cpp">
      <Filter>Source Files</Filter>
    </ClCompile>
    <ClCompile Include="WNDReallyClose.cpp">
      <Filter>Source Files\Editor SubSystems\GUI\Windows</Filter>
    </ClCompile>
    <ClCompile Include="WNDTextureLoading.cpp">
      <Filter>Source Files\Editor SubSystems\GUI\Windows</Filter>
    </ClCompile>
    <ClCompile Include="WNDSoundLoading.cpp">
      <Filter>Source Files\Editor SubSystems\GUI\Windows</Filter>
    </ClCompile>
    <ClCompile Include="WNDFieldTempTool.cpp">
      <Filter>Source Files\Editor SubSystems\GUI\Windows</Filter>
    </ClCompile>
    <ClCompile Include="GUIMgr.cpp">
      <Filter>Source Files</Filter>
    </ClCompile>
    <ClCompile Include="WNDNPCTempTool.cpp">
      <Filter>Source Files\Editor SubSystems\GUI\Windows</Filter>
    </ClCompile>
    <ClCompile Include="EditorMgr.cpp">
      <Filter>Source Files</Filter>
    </ClCompile>
    <ClCompile Include="Item.cpp">
      <Filter>Source Files</Filter>
    </ClCompile>
    <ClCompile Include="Skill.cpp">
      <Filter>Source Files</Filter>
    </ClCompile>
    <ClCompile Include="Effect.cpp">
      <Filter>Source Files</Filter>
    </ClCompile>
    <ClCompile Include="GameObjects.cpp">
      <Filter>Source Files</Filter>
    </ClCompile>
    <ClCompile Include="Console.cpp">
      <Filter>Source Files</Filter>
    </ClCompile>
    <ClCompile Include="Commands.cpp">
      <Filter>Source Files</Filter>
    </ClCompile>
  </ItemGroup>
  <ItemGroup>
    <ClInclude Include="StateMgr.h">
      <Filter>Header Files</Filter>
    </ClInclude>
    <ClInclude Include="Constants.h">
      <Filter>Header Files\Containers</Filter>
    </ClInclude>
    <ClInclude Include="Camera.h">
      <Filter>Header Files\Editor SubSystems</Filter>
    </ClInclude>
    <ClInclude Include="InputMgr.h">
      <Filter>Header Files\Game SubSystems\HID</Filter>
    </ClInclude>
    <ClInclude Include="GUI.h">
      <Filter>Header Files\Editor SubSystems\GUI</Filter>
    </ClInclude>
    <ClInclude Include="MenuBase.h">
      <Filter>Header Files\Editor SubSystems\GUI\Menu</Filter>
    </ClInclude>
    <ClInclude Include="MenuBuilder.h">
      <Filter>Header Files\Editor SubSystems\GUI\Menu</Filter>
    </ClInclude>
    <ClInclude Include="MenuMgr.h">
      <Filter>Header Files\Editor SubSystems\GUI\Menu</Filter>
    </ClInclude>
    <ClInclude Include="WindowBase.h">
      <Filter>Header Files\Editor SubSystems\GUI\Window</Filter>
    </ClInclude>
    <ClInclude Include="WindowBuilder.h">
      <Filter>Header Files\Editor SubSystems\GUI\Window</Filter>
    </ClInclude>
    <ClInclude Include="WindowMgr.h">
      <Filter>Header Files\Editor SubSystems\GUI\Window</Filter>
    </ClInclude>
    <ClInclude Include="GUIMgr.h">
      <Filter>Header Files\Editor SubSystems\GUI</Filter>
    </ClInclude>
    <ClInclude Include="AppWindow.h">
      <Filter>Header Files\Editor SubSystems</Filter>
    </ClInclude>
    <ClInclude Include="DataMgr.h">
      <Filter>Header Files\Containers</Filter>
    </ClInclude>
    <ClInclude Include="Action.h">
      <Filter>Header Files\Editor SubSystems</Filter>
    </ClInclude>
    <ClInclude Include="FieldMgr.h">
      <Filter>Header Files</Filter>
    </ClInclude>
    <ClInclude Include="Character.h">
      <Filter>Header Files\Game SubSystems\Character</Filter>
    </ClInclude>
    <ClInclude Include="Player.h">
      <Filter>Header Files\Game SubSystems\Character\Player</Filter>
    </ClInclude>
    <ClInclude Include="NPC.h">
      <Filter>Header Files\Game SubSystems\Character\NPC</Filter>
    </ClInclude>
    <ClInclude Include="CharactersMgr.h">
      <Filter>Header Files\Game SubSystems\Character</Filter>
    </ClInclude>
    <ClInclude Include="AnimatedObj.h">
      <Filter>Header Files\Game SubSystems</Filter>
    </ClInclude>
    <ClInclude Include="GraphicObj.h">
      <Filter>Header Files\Game SubSystems</Filter>
    </ClInclude>
    <ClInclude Include="Field.h">
      <Filter>Header Files\Game SubSystems</Filter>
    </ClInclude>
    <ClInclude Include="NPCMgr.h">
      <Filter>Header Files</Filter>
    </ClInclude>
    <ClInclude Include="MapLoader.h">
      <Filter>Header Files</Filter>
    </ClInclude>
    <ClInclude Include="Location.h">
      <Filter>Header Files\Game SubSystems</Filter>
    </ClInclude>
    <ClInclude Include="MapMgr.h">
      <Filter>Header Files</Filter>
    </ClInclude>
    <ClInclude Include="EditorMgr.h">
      <Filter>Header Files\Editor SubSystems</Filter>
    </ClInclude>
    <ClInclude Include="Item.h">
      <Filter>Header Files</Filter>
    </ClInclude>
    <ClInclude Include="Skill.h">
      <Filter>Header Files</Filter>
    </ClInclude>
    <ClInclude Include="Effect.h">
      <Filter>Header Files</Filter>
    </ClInclude>
    <ClInclude Include="GameObjects.h">
      <Filter>Header Files</Filter>
    </ClInclude>
    <ClInclude Include="Console.h">
      <Filter>Header Files</Filter>
    </ClInclude>
    <ClInclude Include="Commands.h">
      <Filter>Header Files</Filter>
    </ClInclude>
  </ItemGroup>
  <ItemGroup>
    <Text Include="Config.txt" />
    <Text Include="Effects.txt" />
    <Text Include="Items.txt" />
    <Text Include="Skills.txt" />
  </ItemGroup>
</Project>