<?xml version="1.0" encoding="utf-8"?>
<Project ToolsVersion="4.0" xmlns="http://schemas.microsoft.com/developer/msbuild/2003">
  <ItemGroup>
    <Filter Include="Source Files">
      <UniqueIdentifier>{4FC737F1-C7A5-4376-A066-2A32D752A2FF}</UniqueIdentifier>
      <Extensions>cpp;c;cc;cxx;def;odl;idl;hpj;bat;asm;asmx</Extensions>
    </Filter>
    <Filter Include="Header Files">
      <UniqueIdentifier>{93995380-89BD-4b04-88EB-625FBE52EBFB}</UniqueIdentifier>
      <Extensions>h;hh;hpp;hxx;hm;inl;inc;xsd</Extensions>
    </Filter>
    <Filter Include="SFML Library">
      <UniqueIdentifier>{67DA6AB6-F800-4c08-8B7A-83BB121AAD01}</UniqueIdentifier>
      <Extensions>rc;ico;cur;bmp;dlg;rc2;rct;bin;rgs;gif;jpg;jpeg;jpe;resx;tiff;tif;png;wav;mfcribbon-ms</Extensions>
    </Filter>
    <Filter Include="Header Files\Events">
      <UniqueIdentifier>{465f7c5b-7f20-4ee8-8043-17e968d014fe}</UniqueIdentifier>
    </Filter>
    <Filter Include="Header Files\Animations">
      <UniqueIdentifier>{d8488b68-3b4e-40e0-9e19-9f5ca71f5e79}</UniqueIdentifier>
    </Filter>
    <Filter Include="Header Files\Windows">
      <UniqueIdentifier>{9ede22d2-79a8-46c6-a368-55683486daab}</UniqueIdentifier>
    </Filter>
    <Filter Include="Header Files\Game Objects">
      <UniqueIdentifier>{695e33e6-257a-430e-a6db-cf170f578a18}</UniqueIdentifier>
    </Filter>
    <Filter Include="Header Files\System">
      <UniqueIdentifier>{47645ffe-d8a5-4c80-bf4c-6548fc05b0b2}</UniqueIdentifier>
    </Filter>
    <Filter Include="Header Files\States">
      <UniqueIdentifier>{85135371-ffa2-49b6-b6ad-e12a0c439c36}</UniqueIdentifier>
    </Filter>
    <Filter Include="Header Files\Game Objects\Character">
      <UniqueIdentifier>{9d7f8143-265d-4b1b-ae1c-ca5c356186a9}</UniqueIdentifier>
    </Filter>
    <Filter Include="Header Files\Game Objects\Player">
      <UniqueIdentifier>{daf46619-5386-454c-815f-1c1b78e2a1d9}</UniqueIdentifier>
    </Filter>
  </ItemGroup>
  <ItemGroup>
    <ClCompile Include="_main.cpp">
      <Filter>Source Files</Filter>
    </ClCompile>
    <ClCompile Include="GameDataAccessor.cpp">
      <Filter>Source Files</Filter>
    </ClCompile>
    <ClCompile Include="GameStatesMachine.cpp">
      <Filter>Source Files</Filter>
    </ClCompile>
    <ClCompile Include="StateGame.cpp">
      <Filter>Source Files</Filter>
    </ClCompile>
    <ClCompile Include="GameEngineSubsystems.cpp">
      <Filter>Source Files</Filter>
    </ClCompile>
    <ClCompile Include="State.cpp">
      <Filter>Source Files</Filter>
    </ClCompile>
    <ClCompile Include="StateIntro.cpp">
      <Filter>Source Files</Filter>
    </ClCompile>
    <ClCompile Include="StateMainMenu.cpp">
      <Filter>Source Files</Filter>
    </ClCompile>
    <ClCompile Include="StateOutro.cpp">
      <Filter>Source Files</Filter>
    </ClCompile>
    <ClCompile Include="StateCinematic.cpp">
      <Filter>Source Files</Filter>
    </ClCompile>
    <ClCompile Include="StateOptions.cpp">
      <Filter>Source Files</Filter>
    </ClCompile>
    <ClCompile Include="StateLobby.cpp">
      <Filter>Source Files</Filter>
    </ClCompile>
    <ClCompile Include="GameWindowRender.cpp">
      <Filter>Source Files</Filter>
    </ClCompile>
    <ClCompile Include="Frames.cpp">
      <Filter>Source Files</Filter>
    </ClCompile>
    <ClCompile Include="Sequence.cpp">
      <Filter>Source Files</Filter>
    </ClCompile>
    <ClCompile Include="Sequences.cpp">
      <Filter>Source Files</Filter>
    </ClCompile>
    <ClCompile Include="EventsHandler.cpp">
      <Filter>Source Files</Filter>
    </ClCompile>
    <ClCompile Include="EventType.cpp">
      <Filter>Source Files</Filter>
    </ClCompile>
    <ClCompile Include="KeyboardEvent.cpp">
      <Filter>Source Files</Filter>
    </ClCompile>
    <ClCompile Include="MouseEvent.cpp">
      <Filter>Source Files</Filter>
    </ClCompile>
    <ClCompile Include="Character.cpp">
      <Filter>Source Files</Filter>
    </ClCompile>
    <ClCompile Include="CharactersArmorType.cpp">
      <Filter>Source Files</Filter>
    </ClCompile>
    <ClCompile Include="CharactersItems.cpp">
      <Filter>Source Files</Filter>
    </ClCompile>
    <ClCompile Include="CharactersStatistics.cpp">
      <Filter>Source Files</Filter>
    </ClCompile>
    <ClCompile Include="PlayerFahren.cpp">
      <Filter>Source Files</Filter>
    </ClCompile>
    <ClCompile Include="PlayerMefisto.cpp">
      <Filter>Source Files</Filter>
    </ClCompile>
    <ClCompile Include="PlayerOslas.cpp">
      <Filter>Source Files</Filter>
    </ClCompile>
    <ClCompile Include="PlayerSeph.cpp">
      <Filter>Source Files</Filter>
    </ClCompile>
    <ClCompile Include="AnimatedObject.cpp">
      <Filter>Source Files</Filter>
    </ClCompile>
    <ClCompile Include="CustomText.cpp">
      <Filter>Source Files</Filter>
    </ClCompile>
    <ClCompile Include="DrawableObject.cpp">
      <Filter>Source Files</Filter>
    </ClCompile>
    <ClCompile Include="EventObject.cpp">
      <Filter>Source Files</Filter>
    </ClCompile>
    <ClCompile Include="GraphicObject.cpp">
      <Filter>Source Files</Filter>
    </ClCompile>
    <ClCompile Include="InterfaceObject.cpp">
      <Filter>Source Files</Filter>
    </ClCompile>
    <ClCompile Include="Item.cpp">
      <Filter>Source Files</Filter>
    </ClCompile>
    <ClCompile Include="SaveSlot.cpp">
      <Filter>Source Files</Filter>
    </ClCompile>
    <ClCompile Include="Slot.cpp">
      <Filter>Source Files</Filter>
    </ClCompile>
    <ClCompile Include="Waypoint.cpp">
      <Filter>Source Files</Filter>
    </ClCompile>
    <ClCompile Include="Camera.cpp">
      <Filter>Source Files</Filter>
    </ClCompile>
    <ClCompile Include="CharacterMovingSystem.cpp">
      <Filter>Source Files</Filter>
    </ClCompile>
    <ClCompile Include="GameDataContainer.cpp">
      <Filter>Source Files</Filter>
    </ClCompile>
    <ClCompile Include="GameEngine.cpp">
      <Filter>Source Files</Filter>
    </ClCompile>
    <ClCompile Include="GameLoadingSystem.cpp">
      <Filter>Source Files</Filter>
    </ClCompile>
    <ClCompile Include="InterfaceAlignmentSystem.cpp">
      <Filter>Source Files</Filter>
    </ClCompile>
    <ClCompile Include="Language.cpp">
      <Filter>Source Files</Filter>
    </ClCompile>
    <ClCompile Include="PlayersControlSystem.cpp">
      <Filter>Source Files</Filter>
    </ClCompile>
    <ClCompile Include="Renderer.cpp">
      <Filter>Source Files</Filter>
    </ClCompile>
    <ClCompile Include="ResourcesContainer.cpp">
      <Filter>Source Files</Filter>
    </ClCompile>
    <ClCompile Include="Utilities.cpp">
      <Filter>Source Files</Filter>
    </ClCompile>
    <ClCompile Include="GameWindow.cpp">
      <Filter>Source Files</Filter>
    </ClCompile>
    <ClCompile Include="GameWindowEvents.cpp">
      <Filter>Source Files</Filter>
    </ClCompile>
    <ClCompile Include="GameWindowsBuilder.cpp">
      <Filter>Source Files</Filter>
    </ClCompile>
    <ClCompile Include="GameWindowView.cpp">
      <Filter>Source Files</Filter>
    </ClCompile>
    <ClCompile Include="CameraMovingSystem.cpp">
      <Filter>Source Files</Filter>
    </ClCompile>
    <ClCompile Include="Skill.cpp">
      <Filter>Source Files</Filter>
    </ClCompile>
  </ItemGroup>
  <ItemGroup>
    <None Include="openal32.dll">
      <Filter>SFML Library</Filter>
    </None>
    <None Include="sfml-audio-d-2.dll">
      <Filter>SFML Library</Filter>
    </None>
    <None Include="sfml-graphics-d-2.dll">
      <Filter>SFML Library</Filter>
    </None>
    <None Include="sfml-network-d-2.dll">
      <Filter>SFML Library</Filter>
    </None>
    <None Include="sfml-system-d-2.dll">
      <Filter>SFML Library</Filter>
    </None>
    <None Include="sfml-window-d-2.dll">
      <Filter>SFML Library</Filter>
    </None>
    <None Include="GameWindowEvents.h">
      <Filter>Header Files\Windows</Filter>
    </None>
    <None Include="GameWindowRender.h">
      <Filter>Header Files\Windows</Filter>
    </None>
  </ItemGroup>
  <ItemGroup>
    <ClInclude Include="EventType.h">
      <Filter>Header Files\Events</Filter>
    </ClInclude>
    <ClInclude Include="KeyboardEvent.h">
      <Filter>Header Files\Events</Filter>
    </ClInclude>
    <ClInclude Include="MouseEvent.h">
      <Filter>Header Files\Events</Filter>
    </ClInclude>
    <ClInclude Include="EventsHandler.h">
      <Filter>Header Files\Events</Filter>
    </ClInclude>
    <ClInclude Include="Sequences.h">
      <Filter>Header Files\Animations</Filter>
    </ClInclude>
    <ClInclude Include="Sequence.h">
      <Filter>Header Files\Animations</Filter>
    </ClInclude>
    <ClInclude Include="Frames.h">
      <Filter>Header Files\Animations</Filter>
    </ClInclude>
    <ClInclude Include="GameWindowsBuilder.h">
      <Filter>Header Files\Windows</Filter>
    </ClInclude>
    <ClInclude Include="GameWindow.h">
      <Filter>Header Files\Windows</Filter>
    </ClInclude>
    <ClInclude Include="GraphicObject.h">
      <Filter>Header Files\Game Objects</Filter>
    </ClInclude>
    <ClInclude Include="InterfaceObject.h">
      <Filter>Header Files\Game Objects</Filter>
    </ClInclude>
    <ClInclude Include="AnimatedObject.h">
      <Filter>Header Files\Game Objects</Filter>
    </ClInclude>
    <ClInclude Include="DrawableObject.h">
      <Filter>Header Files\Game Objects</Filter>
    </ClInclude>
    <ClInclude Include="GameEngineSubsystems.h">
      <Filter>Header Files\System</Filter>
    </ClInclude>
    <ClInclude Include="Config.h">
      <Filter>Header Files\System</Filter>
    </ClInclude>
    <ClInclude Include="GameDataContainer.h">
      <Filter>Header Files\System</Filter>
    </ClInclude>
    <ClInclude Include="GameEngine.h">
      <Filter>Header Files\System</Filter>
    </ClInclude>
    <ClInclude Include="Renderer.h">
      <Filter>Header Files\System</Filter>
    </ClInclude>
    <ClInclude Include="StateOutro.h">
      <Filter>Header Files\States</Filter>
    </ClInclude>
    <ClInclude Include="GameStatesMachine.h">
      <Filter>Header Files\States</Filter>
    </ClInclude>
    <ClInclude Include="State.h">
      <Filter>Header Files\States</Filter>
    </ClInclude>
    <ClInclude Include="StateCinematic.h">
      <Filter>Header Files\States</Filter>
    </ClInclude>
    <ClInclude Include="StateGame.h">
      <Filter>Header Files\States</Filter>
    </ClInclude>
    <ClInclude Include="StateIntro.h">
      <Filter>Header Files\States</Filter>
    </ClInclude>
    <ClInclude Include="StateMainMenu.h">
      <Filter>Header Files\States</Filter>
    </ClInclude>
    <ClInclude Include="GameDataAccessor.h">
      <Filter>Header Files\System</Filter>
    </ClInclude>
    <ClInclude Include="CustomText.h">
      <Filter>Header Files\Game Objects</Filter>
    </ClInclude>
    <ClInclude Include="Language.h">
      <Filter>Header Files\System</Filter>
    </ClInclude>
    <ClInclude Include="StateOptions.h">
      <Filter>Header Files\States</Filter>
    </ClInclude>
    <ClInclude Include="StateLobby.h">
      <Filter>Header Files\States</Filter>
    </ClInclude>
    <ClInclude Include="ResourcesContainer.h">
      <Filter>Header Files\System</Filter>
    </ClInclude>
    <ClInclude Include="InterfaceAlignmentSystem.h">
      <Filter>Header Files\System</Filter>
    </ClInclude>
    <ClInclude Include="Utilities.h">
      <Filter>Header Files\System</Filter>
    </ClInclude>
    <ClInclude Include="PlayersControlSystem.h">
      <Filter>Header Files\System</Filter>
    </ClInclude>
    <ClInclude Include="GameLoadingSystem.h">
      <Filter>Header Files\System</Filter>
    </ClInclude>
    <ClInclude Include="CharacterMovingSystem.h">
      <Filter>Header Files\System</Filter>
    </ClInclude>
    <ClInclude Include="Item.h">
      <Filter>Header Files\Game Objects</Filter>
    </ClInclude>
    <ClInclude Include="Character.h">
      <Filter>Header Files\Game Objects\Character</Filter>
    </ClInclude>
    <ClInclude Include="CharactersArmorType.h">
      <Filter>Header Files\Game Objects\Character</Filter>
    </ClInclude>
    <ClInclude Include="CharactersItems.h">
      <Filter>Header Files\Game Objects\Character</Filter>
    </ClInclude>
    <ClInclude Include="CharactersStatistics.h">
      <Filter>Header Files\Game Objects\Character</Filter>
    </ClInclude>
    <ClInclude Include="EventObject.h">
      <Filter>Header Files\Game Objects</Filter>
    </ClInclude>
    <ClInclude Include="Slot.h">
      <Filter>Header Files\Game Objects</Filter>
    </ClInclude>
    <ClInclude Include="SaveSlot.h">
      <Filter>Header Files\Game Objects</Filter>
    </ClInclude>
    <ClInclude Include="Player.h">
      <Filter>Header Files\Game Objects\Player</Filter>
    </ClInclude>
    <ClInclude Include="PlayerFahren.h">
      <Filter>Header Files\Game Objects\Player</Filter>
    </ClInclude>
    <ClInclude Include="PlayerMefisto.h">
      <Filter>Header Files\Game Objects\Player</Filter>
    </ClInclude>
    <ClInclude Include="PlayerOslas.h">
      <Filter>Header Files\Game Objects\Player</Filter>
    </ClInclude>
    <ClInclude Include="PlayerSeph.h">
      <Filter>Header Files\Game Objects\Player</Filter>
    </ClInclude>
    <ClInclude Include="Camera.h">
      <Filter>Header Files\System</Filter>
    </ClInclude>
    <ClInclude Include="GameWindowView.h">
      <Filter>Header Files\Windows</Filter>
    </ClInclude>
    <ClInclude Include="Waypoint.h">
      <Filter>Header Files\Game Objects</Filter>
    </ClInclude>
    <ClInclude Include="Skill.h">
      <Filter>Header Files</Filter>
    </ClInclude>
    <ClInclude Include="CameraMovingSystem.h">
      <Filter>Header Files</Filter>
    </ClInclude>
  </ItemGroup>
</Project>